
Microsoft Visual Studio Solution File, Format Version 12.00
# Visual Studio Version 16
VisualStudioVersion = 16.0.31702.278
MinimumVisualStudioVersion = 10.0.40219.1
Project("{FAE04EC0-301F-11D3-BF4B-00C04F79EFBC}") = "ProjetMagazineWPF", "Devoir1WPF\ProjetMagazineWPF.csproj", "{E58767D1-2BEB-4741-8345-BB4B9A0F89D3}"
EndProject
Project("{FAE04EC0-301F-11D3-BF4B-00C04F79EFBC}") = "ClassesMetier", "Devoir1ClassesMetier\ClassesMetier.csproj", "{38BD2DB2-13E6-4537-9CE3-F852080563CC}"
EndProject
Project("{FAE04EC0-301F-11D3-BF4B-00C04F79EFBC}") = "GstBddMag", "GstBddMag\GstBddMag.csproj", "{18931F1B-5FFB-490F-A9BB-AEAC6487E6EB}"
EndProject
Global
	GlobalSection(SolutionConfigurationPlatforms) = preSolution
		Debug|Any CPU = Debug|Any CPU
		Release|Any CPU = Release|Any CPU
	EndGlobalSection
	GlobalSection(ProjectConfigurationPlatforms) = postSolution
		{E58767D1-2BEB-4741-8345-BB4B9A0F89D3}.Debug|Any CPU.ActiveCfg = Debug|Any CPU
		{E58767D1-2BEB-4741-8345-BB4B9A0F89D3}.Debug|Any CPU.Build.0 = Debug|Any CPU
		{E58767D1-2BEB-4741-8345-BB4B9A0F89D3}.Release|Any CPU.ActiveCfg = Release|Any CPU
		{E58767D1-2BEB-4741-8345-BB4B9A0F89D3}.Release|Any CPU.Build.0 = Release|Any CPU
		{38BD2DB2-13E6-4537-9CE3-F852080563CC}.Debug|Any CPU.ActiveCfg = Debug|Any CPU
		{38BD2DB2-13E6-4537-9CE3-F852080563CC}.Debug|Any CPU.Build.0 = Debug|Any CPU
		{38BD2DB2-13E6-4537-9CE3-F852080563CC}.Release|Any CPU.ActiveCfg = Release|Any CPU
		{38BD2DB2-13E6-4537-9CE3-F852080563CC}.Release|Any CPU.Build.0 = Release|Any CPU
		{18931F1B-5FFB-490F-A9BB-AEAC6487E6EB}.Debug|Any CPU.ActiveCfg = Debug|Any CPU
		{18931F1B-5FFB-490F-A9BB-AEAC6487E6EB}.Debug|Any CPU.Build.0 = Debug|Any CPU
		{18931F1B-5FFB-490F-A9BB-AEAC6487E6EB}.Release|Any CPU.ActiveCfg = Release|Any CPU
		{18931F1B-5FFB-490F-A9BB-AEAC6487E6EB}.Release|Any CPU.Build.0 = Release|Any CPU
	EndGlobalSection
	GlobalSection(SolutionProperties) = preSolution
		HideSolutionNode = FALSE
	EndGlobalSection
	GlobalSection(ExtensibilityGlobals) = postSolution
		SolutionGuid = {5CD8267D-D1BC-4049-902A-B05589A84FE3}
	EndGlobalSection
EndGlobal
